
Microsoft Visual Studio Solution File, Format Version 12.00
Project("{FAE04EC0-301F-11D3-BF4B-00C04F79EFBC}") = "API", "API\API.csproj", "{0D0A38D6-94A0-4D20-9FC8-2935DC716F93}"
EndProject
Project("{FAE04EC0-301F-11D3-BF4B-00C04F79EFBC}") = "API_Tests", "API_Tests\API_Tests.csproj", "{F1D4A7C6-2060-41F1-B3BD-8C816BC489DF}"
EndProject
Global
	GlobalSection(SolutionConfigurationPlatforms) = preSolution
		Debug|Any CPU = Debug|Any CPU
		Release|Any CPU = Release|Any CPU
	EndGlobalSection
	GlobalSection(ProjectConfigurationPlatforms) = postSolution
		{0D0A38D6-94A0-4D20-9FC8-2935DC716F93}.Debug|Any CPU.ActiveCfg = Debug|Any CPU
		{0D0A38D6-94A0-4D20-9FC8-2935DC716F93}.Debug|Any CPU.Build.0 = Debug|Any CPU
		{0D0A38D6-94A0-4D20-9FC8-2935DC716F93}.Release|Any CPU.ActiveCfg = Release|Any CPU
		{0D0A38D6-94A0-4D20-9FC8-2935DC716F93}.Release|Any CPU.Build.0 = Release|Any CPU
		{F1D4A7C6-2060-41F1-B3BD-8C816BC489DF}.Debug|Any CPU.ActiveCfg = Debug|Any CPU
		{F1D4A7C6-2060-41F1-B3BD-8C816BC489DF}.Debug|Any CPU.Build.0 = Debug|Any CPU
		{F1D4A7C6-2060-41F1-B3BD-8C816BC489DF}.Release|Any CPU.ActiveCfg = Release|Any CPU
		{F1D4A7C6-2060-41F1-B3BD-8C816BC489DF}.Release|Any CPU.Build.0 = Release|Any CPU
	EndGlobalSection
EndGlobal
